
Microsoft Visual Studio Solution File, Format Version 12.00
# Visual Studio Version 16
VisualStudioVersion = 16.0.29020.237
MinimumVisualStudioVersion = 10.0.40219.1
Project("{2150E333-8FDC-42A3-9474-1A3956D46DE8}") = "Solution Items", "Solution Items", "{2630F825-054F-498C-8B53-F71F82D74434}"
	ProjectSection(SolutionItems) = preProject
		README.md = README.md
	EndProjectSection
EndProject
Project("{2150E333-8FDC-42A3-9474-1A3956D46DE8}") = "nuget", "nuget", "{D58E7676-0762-442E-84AB-5B679C30270B}"
	ProjectSection(SolutionItems) = preProject
		nuget\Pack.bat = nuget\Pack.bat
	EndProjectSection
EndProject
Project("{2150E333-8FDC-42A3-9474-1A3956D46DE8}") = "src", "src", "{1E214B73-5EBD-4499-A02D-D0E2BFB795D2}"
EndProject
Project("{9A19103F-16F7-4668-BE54-9A1E7A4F7556}") = "log4net.AsyncAppender", "src\log4net.AsyncAppender\log4net.AsyncAppender.csproj", "{8F5CBCB3-92D5-45BD-A026-07956607D8B9}"
EndProject
Project("{9A19103F-16F7-4668-BE54-9A1E7A4F7556}") = "log4net.AsyncAppender.ElasticSearch", "src\log4net.AsyncAppender.ElasticSearch\log4net.AsyncAppender.ElasticSearch.csproj", "{5DFBC349-DB9D-49AC-A37D-3FC3BD0222D0}"
EndProject
Project("{2150E333-8FDC-42A3-9474-1A3956D46DE8}") = "tests", "tests", "{81844CAA-0404-4BC0-89AC-6B0924A6761F}"
EndProject
Project("{2150E333-8FDC-42A3-9474-1A3956D46DE8}") = "unit", "unit", "{A655999B-D1E8-4F75-B919-DD0E76F6A153}"
EndProject
Project("{9A19103F-16F7-4668-BE54-9A1E7A4F7556}") = "log4net.AsyncAppender.Tests", "tests\unit\log4net.AsyncAppender.Tests\log4net.AsyncAppender.Tests.csproj", "{68444FC5-71A1-41F7-9726-35952DC60459}"
EndProject
Project("{9A19103F-16F7-4668-BE54-9A1E7A4F7556}") = "log4net.AsyncAppender.HttpEndpoint", "src\log4net.AsyncAppender.HttpEndpoint\log4net.AsyncAppender.HttpEndpoint.csproj", "{C075AEFB-5B70-4FA9-A8CA-46A12953934E}"
EndProject
Project("{FAE04EC0-301F-11D3-BF4B-00C04F79EFBC}") = "log4net.AsyncAppender.HttpEndpoint.Tests", "tests\unit\log4net.AsyncAppender.HttpEndpoint.Tests\log4net.AsyncAppender.HttpEndpoint.Tests.csproj", "{8AF64D58-0950-4FD1-8204-D40FDF045344}"
EndProject
Global
	GlobalSection(SolutionConfigurationPlatforms) = preSolution
		Debug|Any CPU = Debug|Any CPU
		Release|Any CPU = Release|Any CPU
	EndGlobalSection
	GlobalSection(ProjectConfigurationPlatforms) = postSolution
		{8F5CBCB3-92D5-45BD-A026-07956607D8B9}.Debug|Any CPU.ActiveCfg = Debug|Any CPU
		{8F5CBCB3-92D5-45BD-A026-07956607D8B9}.Debug|Any CPU.Build.0 = Debug|Any CPU
		{8F5CBCB3-92D5-45BD-A026-07956607D8B9}.Release|Any CPU.ActiveCfg = Release|Any CPU
		{8F5CBCB3-92D5-45BD-A026-07956607D8B9}.Release|Any CPU.Build.0 = Release|Any CPU
		{5DFBC349-DB9D-49AC-A37D-3FC3BD0222D0}.Debug|Any CPU.ActiveCfg = Debug|Any CPU
		{5DFBC349-DB9D-49AC-A37D-3FC3BD0222D0}.Debug|Any CPU.Build.0 = Debug|Any CPU
		{5DFBC349-DB9D-49AC-A37D-3FC3BD0222D0}.Release|Any CPU.ActiveCfg = Release|Any CPU
		{5DFBC349-DB9D-49AC-A37D-3FC3BD0222D0}.Release|Any CPU.Build.0 = Release|Any CPU
		{68444FC5-71A1-41F7-9726-35952DC60459}.Debug|Any CPU.ActiveCfg = Debug|Any CPU
		{68444FC5-71A1-41F7-9726-35952DC60459}.Debug|Any CPU.Build.0 = Debug|Any CPU
		{68444FC5-71A1-41F7-9726-35952DC60459}.Release|Any CPU.ActiveCfg = Release|Any CPU
		{68444FC5-71A1-41F7-9726-35952DC60459}.Release|Any CPU.Build.0 = Release|Any CPU
		{C075AEFB-5B70-4FA9-A8CA-46A12953934E}.Debug|Any CPU.ActiveCfg = Debug|Any CPU
		{C075AEFB-5B70-4FA9-A8CA-46A12953934E}.Debug|Any CPU.Build.0 = Debug|Any CPU
		{C075AEFB-5B70-4FA9-A8CA-46A12953934E}.Release|Any CPU.ActiveCfg = Release|Any CPU
		{C075AEFB-5B70-4FA9-A8CA-46A12953934E}.Release|Any CPU.Build.0 = Release|Any CPU
		{8AF64D58-0950-4FD1-8204-D40FDF045344}.Debug|Any CPU.ActiveCfg = Debug|Any CPU
		{8AF64D58-0950-4FD1-8204-D40FDF045344}.Debug|Any CPU.Build.0 = Debug|Any CPU
		{8AF64D58-0950-4FD1-8204-D40FDF045344}.Release|Any CPU.ActiveCfg = Release|Any CPU
		{8AF64D58-0950-4FD1-8204-D40FDF045344}.Release|Any CPU.Build.0 = Release|Any CPU
	EndGlobalSection
	GlobalSection(SolutionProperties) = preSolution
		HideSolutionNode = FALSE
	EndGlobalSection
	GlobalSection(NestedProjects) = preSolution
		{D58E7676-0762-442E-84AB-5B679C30270B} = {2630F825-054F-498C-8B53-F71F82D74434}
		{8F5CBCB3-92D5-45BD-A026-07956607D8B9} = {1E214B73-5EBD-4499-A02D-D0E2BFB795D2}
		{5DFBC349-DB9D-49AC-A37D-3FC3BD0222D0} = {1E214B73-5EBD-4499-A02D-D0E2BFB795D2}
		{A655999B-D1E8-4F75-B919-DD0E76F6A153} = {81844CAA-0404-4BC0-89AC-6B0924A6761F}
		{68444FC5-71A1-41F7-9726-35952DC60459} = {A655999B-D1E8-4F75-B919-DD0E76F6A153}
		{C075AEFB-5B70-4FA9-A8CA-46A12953934E} = {1E214B73-5EBD-4499-A02D-D0E2BFB795D2}
		{8AF64D58-0950-4FD1-8204-D40FDF045344} = {A655999B-D1E8-4F75-B919-DD0E76F6A153}
	EndGlobalSection
	GlobalSection(ExtensibilityGlobals) = postSolution
		SolutionGuid = {2C2D0D43-79CB-4D04-A82B-79159E5B8D7E}
	EndGlobalSection
EndGlobal
