
Microsoft Visual Studio Solution File, Format Version 12.00
# Visual Studio Version 16
VisualStudioVersion = 16.0.29020.237
MinimumVisualStudioVersion = 10.0.40219.1
Project("{9A19103F-16F7-4668-BE54-9A1E7A4F7556}") = "log4net.AsyncAppender", "src\log4net.AsyncAppender\log4net.AsyncAppender.csproj", "{8F5CBCB3-92D5-45BD-A026-07956607D8B9}"
EndProject
Project("{9A19103F-16F7-4668-BE54-9A1E7A4F7556}") = "log4net.AsyncAppender.ElasticSearch", "src\log4net.AsyncAppender.ElasticSearch\log4net.AsyncAppender.ElasticSearch.csproj", "{5DFBC349-DB9D-49AC-A37D-3FC3BD0222D0}"
EndProject
Project("{9A19103F-16F7-4668-BE54-9A1E7A4F7556}") = "log4net.AsyncAppender.Tests", "tests\unit\log4net.AsyncAppender.Tests\log4net.AsyncAppender.Tests.csproj", "{68444FC5-71A1-41F7-9726-35952DC60459}"
EndProject
Project("{9A19103F-16F7-4668-BE54-9A1E7A4F7556}") = "log4net.AsyncAppender.HttpEndpoint", "src\log4net.AsyncAppender.HttpEndpoint\log4net.AsyncAppender.HttpEndpoint.csproj", "{C075AEFB-5B70-4FA9-A8CA-46A12953934E}"
EndProject
Project("{9A19103F-16F7-4668-BE54-9A1E7A4F7556}") = "log4net.AsyncAppender.HttpEndpoint.Tests", "tests\unit\log4net.AsyncAppender.HttpEndpoint.Tests\log4net.AsyncAppender.HttpEndpoint.Tests.csproj", "{8AF64D58-0950-4FD1-8204-D40FDF045344}"
EndProject
Project("{9A19103F-16F7-4668-BE54-9A1E7A4F7556}") = "log4net.AsyncAppender.ElasticSearch.Tests", "tests\unit\log4net.AsyncAppender.ElasticSearch.Tests\log4net.AsyncAppender.ElasticSearch.Tests.csproj", "{5CAC7C8E-B9DF-4D0C-8B04-53CA71828F36}"
EndProject
Project("{9A19103F-16F7-4668-BE54-9A1E7A4F7556}") = "log4net.AsyncAppender.IntegrationTests", "tests\integration\log4net.AsyncAppender.IntegrationTests\log4net.AsyncAppender.IntegrationTests.csproj", "{05F341C5-BB4B-4F3E-B99D-59242A68D665}"
EndProject
Project("{2150E333-8FDC-42A3-9474-1A3956D46DE8}") = "src", "src", "{501711AE-D3B8-4935-A042-1531F51C22F0}"
EndProject
Project("{2150E333-8FDC-42A3-9474-1A3956D46DE8}") = "tests", "tests", "{89279D4F-BC73-47AE-986D-039688D26C35}"
EndProject
Global
	GlobalSection(SolutionConfigurationPlatforms) = preSolution
		Debug|Any CPU = Debug|Any CPU
		Release|Any CPU = Release|Any CPU
	EndGlobalSection
	GlobalSection(ProjectConfigurationPlatforms) = postSolution
		{8F5CBCB3-92D5-45BD-A026-07956607D8B9}.Debug|Any CPU.ActiveCfg = Debug|Any CPU
		{8F5CBCB3-92D5-45BD-A026-07956607D8B9}.Debug|Any CPU.Build.0 = Debug|Any CPU
		{8F5CBCB3-92D5-45BD-A026-07956607D8B9}.Release|Any CPU.ActiveCfg = Release|Any CPU
		{8F5CBCB3-92D5-45BD-A026-07956607D8B9}.Release|Any CPU.Build.0 = Release|Any CPU
		{5DFBC349-DB9D-49AC-A37D-3FC3BD0222D0}.Debug|Any CPU.ActiveCfg = Debug|Any CPU
		{5DFBC349-DB9D-49AC-A37D-3FC3BD0222D0}.Debug|Any CPU.Build.0 = Debug|Any CPU
		{5DFBC349-DB9D-49AC-A37D-3FC3BD0222D0}.Release|Any CPU.ActiveCfg = Release|Any CPU
		{5DFBC349-DB9D-49AC-A37D-3FC3BD0222D0}.Release|Any CPU.Build.0 = Release|Any CPU
		{68444FC5-71A1-41F7-9726-35952DC60459}.Debug|Any CPU.ActiveCfg = Debug|Any CPU
		{68444FC5-71A1-41F7-9726-35952DC60459}.Debug|Any CPU.Build.0 = Debug|Any CPU
		{68444FC5-71A1-41F7-9726-35952DC60459}.Release|Any CPU.ActiveCfg = Release|Any CPU
		{68444FC5-71A1-41F7-9726-35952DC60459}.Release|Any CPU.Build.0 = Release|Any CPU
		{C075AEFB-5B70-4FA9-A8CA-46A12953934E}.Debug|Any CPU.ActiveCfg = Debug|Any CPU
		{C075AEFB-5B70-4FA9-A8CA-46A12953934E}.Debug|Any CPU.Build.0 = Debug|Any CPU
		{C075AEFB-5B70-4FA9-A8CA-46A12953934E}.Release|Any CPU.ActiveCfg = Release|Any CPU
		{C075AEFB-5B70-4FA9-A8CA-46A12953934E}.Release|Any CPU.Build.0 = Release|Any CPU
		{8AF64D58-0950-4FD1-8204-D40FDF045344}.Debug|Any CPU.ActiveCfg = Debug|Any CPU
		{8AF64D58-0950-4FD1-8204-D40FDF045344}.Debug|Any CPU.Build.0 = Debug|Any CPU
		{8AF64D58-0950-4FD1-8204-D40FDF045344}.Release|Any CPU.ActiveCfg = Release|Any CPU
		{8AF64D58-0950-4FD1-8204-D40FDF045344}.Release|Any CPU.Build.0 = Release|Any CPU
		{5CAC7C8E-B9DF-4D0C-8B04-53CA71828F36}.Debug|Any CPU.ActiveCfg = Debug|Any CPU
		{5CAC7C8E-B9DF-4D0C-8B04-53CA71828F36}.Debug|Any CPU.Build.0 = Debug|Any CPU
		{5CAC7C8E-B9DF-4D0C-8B04-53CA71828F36}.Release|Any CPU.ActiveCfg = Release|Any CPU
		{5CAC7C8E-B9DF-4D0C-8B04-53CA71828F36}.Release|Any CPU.Build.0 = Release|Any CPU
		{05F341C5-BB4B-4F3E-B99D-59242A68D665}.Debug|Any CPU.ActiveCfg = Debug|Any CPU
		{05F341C5-BB4B-4F3E-B99D-59242A68D665}.Debug|Any CPU.Build.0 = Debug|Any CPU
		{05F341C5-BB4B-4F3E-B99D-59242A68D665}.Release|Any CPU.ActiveCfg = Release|Any CPU
		{05F341C5-BB4B-4F3E-B99D-59242A68D665}.Release|Any CPU.Build.0 = Release|Any CPU
	EndGlobalSection
	GlobalSection(SolutionProperties) = preSolution
		HideSolutionNode = FALSE
	EndGlobalSection
	GlobalSection(NestedProjects) = preSolution
		{8F5CBCB3-92D5-45BD-A026-07956607D8B9} = {501711AE-D3B8-4935-A042-1531F51C22F0}
		{5DFBC349-DB9D-49AC-A37D-3FC3BD0222D0} = {501711AE-D3B8-4935-A042-1531F51C22F0}
		{68444FC5-71A1-41F7-9726-35952DC60459} = {89279D4F-BC73-47AE-986D-039688D26C35}
		{C075AEFB-5B70-4FA9-A8CA-46A12953934E} = {501711AE-D3B8-4935-A042-1531F51C22F0}
		{8AF64D58-0950-4FD1-8204-D40FDF045344} = {89279D4F-BC73-47AE-986D-039688D26C35}
		{5CAC7C8E-B9DF-4D0C-8B04-53CA71828F36} = {89279D4F-BC73-47AE-986D-039688D26C35}
		{05F341C5-BB4B-4F3E-B99D-59242A68D665} = {89279D4F-BC73-47AE-986D-039688D26C35}
	EndGlobalSection
	GlobalSection(ExtensibilityGlobals) = postSolution
		SolutionGuid = {2C2D0D43-79CB-4D04-A82B-79159E5B8D7E}
	EndGlobalSection
EndGlobal
